
Microsoft Visual Studio Solution File, Format Version 12.00
# Visual Studio Version 17
VisualStudioVersion = 17.7.34009.444
MinimumVisualStudioVersion = 10.0.40219.1
Project("{FAE04EC0-301F-11D3-BF4B-00C04F79EFBC}") = "tienda", "tienda\tienda.csproj", "{69AF4BD1-88D4-4708-957D-72B20C11944B}"
EndProject
Global
	GlobalSection(SolutionConfigurationPlatforms) = preSolution
		Debug|Any CPU = Debug|Any CPU
		Release|Any CPU = Release|Any CPU
	EndGlobalSection
	GlobalSection(ProjectConfigurationPlatforms) = postSolution
		{69AF4BD1-88D4-4708-957D-72B20C11944B}.Debug|Any CPU.ActiveCfg = Debug|Any CPU
		{69AF4BD1-88D4-4708-957D-72B20C11944B}.Debug|Any CPU.Build.0 = Debug|Any CPU
		{69AF4BD1-88D4-4708-957D-72B20C11944B}.Release|Any CPU.ActiveCfg = Release|Any CPU
		{69AF4BD1-88D4-4708-957D-72B20C11944B}.Release|Any CPU.Build.0 = Release|Any CPU
	EndGlobalSection
	GlobalSection(SolutionProperties) = preSolution
		HideSolutionNode = FALSE
	EndGlobalSection
	GlobalSection(ExtensibilityGlobals) = postSolution
		SolutionGuid = {E7BA63E1-9987-4278-A173-0395590C2B2B}
	EndGlobalSection
EndGlobal
