
Microsoft Visual Studio Solution File, Format Version 12.00
# Visual Studio Version 17
VisualStudioVersion = 17.7.34009.444
MinimumVisualStudioVersion = 10.0.40219.1
Project("{FAE04EC0-301F-11D3-BF4B-00C04F79EFBC}") = "productos", "productos\productos.csproj", "{7E4F61C6-92EA-4F1A-8A8B-268190D84968}"
EndProject
Global
	GlobalSection(SolutionConfigurationPlatforms) = preSolution
		Debug|Any CPU = Debug|Any CPU
		Release|Any CPU = Release|Any CPU
	EndGlobalSection
	GlobalSection(ProjectConfigurationPlatforms) = postSolution
		{7E4F61C6-92EA-4F1A-8A8B-268190D84968}.Debug|Any CPU.ActiveCfg = Debug|Any CPU
		{7E4F61C6-92EA-4F1A-8A8B-268190D84968}.Debug|Any CPU.Build.0 = Debug|Any CPU
		{7E4F61C6-92EA-4F1A-8A8B-268190D84968}.Release|Any CPU.ActiveCfg = Release|Any CPU
		{7E4F61C6-92EA-4F1A-8A8B-268190D84968}.Release|Any CPU.Build.0 = Release|Any CPU
	EndGlobalSection
	GlobalSection(SolutionProperties) = preSolution
		HideSolutionNode = FALSE
	EndGlobalSection
	GlobalSection(ExtensibilityGlobals) = postSolution
		SolutionGuid = {BF3907A0-0C4D-44D1-8452-8477F6543F29}
	EndGlobalSection
EndGlobal
